github.com/aws/aws-lambda-go v1.41.0 h1:l/5fyVb6Ud9uYd411xdHZzSf2n86TakxzpvIoz7l+3Y=
github.com/aws/aws-lambda-go v1.41.0/go.mod h1:jwFe2KmMsHmffA1X2R09hH6lFzJQxzI8qK17ewzbQMM=
github.com/aws/aws-sdk-go-v2 v1.21.0 h1:gMT0IW+03wtYJhRqTVYn0wLzwdnK9sRMcxmtfGzRdJc=
github.com/aws/aws-sdk-go-v2 v1.21.0/go.mod h1:/RfNgGmRxI+iFOB1OeJUyxiU+9s88k3pfHvDagGEp0M=
github.com/aws/aws-sdk-go-v2/aws/protocol/eventstream v1.4.13 h1:OPLEkmhXf6xFPiz0bLeDArZIDx1NNS4oJyG4nv3Gct0=
github.com/aws/aws-sdk-go-v2/aws/protocol/eventstream v1.4.13/go.mod h1:gpAbvyDGQFozTEmlTFO8XcQKHzubdq0LzRyJpG6MiXM=
github.com/aws/aws-sdk-go-v2/config v1.18.38 h1:CByQCELMgm2tM1lAehx3XNg0R/pfeXsYzqn0Aq2chJQ=
github.com/aws/aws-sdk-go-v2/config v1.18.38/go.mod h1:vNm9Hf5VgG2fSUWhT3zFrqN/RosGcabFMYgiSoxKFU8=
github.com/aws/aws-sdk-go-v2/credentials v1.13.36 h1:ps0cPswZjpsOk6sLwG6fdXTzrYjCplgPEyG3OUbbdqE=
github.com/aws/aws-sdk-go-v2/credentials v1.13.36/go.mod h1:sY2phUzxbygoyDtTXhqi7GjGjCQ1S5a5Rj8u3ksBxCg=
github.com/aws/aws-sdk-go-v2/feature/dynamodb/attributevalue v1.10.39 h1:DX/r3aNL7pIVn0K5a+ESL0Fw9ti7Rj05pblEiIJtPmQ=
github.com/aws/aws-sdk-go-v2/feature/dynamodb/attributevalue v1.10.39/go.mod h1:oTk09orqXlwSKnKf+UQhy+4Ci7aCo9x8hn0ZvPCLrns=
github.com/aws/aws-sdk-go-v2/feature/ec2/imds v1.13.11 h1:uDZJF1hu0EVT/4bogChk8DyjSF6fof6uL/0Y26Ma7Fg=
github.com/aws/aws-sdk-go-v2/feature/ec2/imds v1.13.11/go.mod h1:TEPP4tENqBGO99KwVpV9MlOX4NSrSLP8u3KRy2CDwA8=
github.com/aws/aws-sdk-go-v2/internal/configsources v1.1.41 h1:22dGT7PneFMx4+b3pz7lMTRyN8ZKH7M2cW4GP9yUS2g=
github.com/aws/aws-sdk-go-v2/internal/configsources v1.1.41/go.mod h1:CrObHAuPneJBlfEJ5T3szXOUkLEThaGfvnhTf33buas=
github.com/aws/aws-sdk-go-v2/internal/endpoints/v2 v2.4.35 h1:SijA0mgjV8E+8G45ltVHs0fvKpTj8xmZJ3VwhGKtUSI=
github.com/aws/aws-sdk-go-v2/internal/endpoints/v2 v2.4.35/go.mod h1:SJC1nEVVva1g3pHAIdCp7QsRIkMmLAgoDquQ9Rr8kYw=
github.com/aws/aws-sdk-go-v2/internal/ini v1.3.42 h1:GPUcE/Yq7Ur8YSUk6lVkoIMWnJNO0HT18GUzCWCgCI0=
github.com/aws/aws-sdk-go-v2/internal/ini v1.3.42/go.mod h1:rzfdUlfA+jdgLDmPKjd3Chq9V7LVLYo1Nz++Wb91aRo=
github.com/aws/aws-sdk-go-v2/internal/v4a v1.1.4 h1:6lJvvkQ9HmbHZ4h/IEwclwv2mrTW8Uq1SOB/kXy0mfw=
github.com/aws/aws-sdk-go-v2/internal/v4a v1.1.4/go.mod h1:1PrKYwxTM+zjpw9Y41KFtoJCQrJ34Z47Y4VgVbfndjo=
github.com/aws/aws-sdk-go-v2/service/dynamodb v1.21.5 h1:EeNQ3bDA6hlx3vifHf7LT/l9dh9w7D2XgCdaD11TRU4=
github.com/aws/aws-sdk-go-v2/service/dynamodb v1.21.5/go.mod h1:X3ThW5RPV19hi7bnQ0RMAiBjZbzxj4rZlj+qdctbMWY=
github.com/aws/aws-sdk-go-v2/service/dynamodbstreams v1.15.5 h1:xoalM/e1YsT6jkLKl6KA9HUiJANwn2ypJsM9lhW2WP0=
github.com/aws/aws-sdk-go-v2/service/dynamodbstreams v1.15.5/go.mod h1:7QtKdGj66zM4g5hPgxHRQgFGLGal4EgwggTw5OZH56c=
github.com/aws/aws-sdk-go-v2/service/internal/accept-encoding v1.9.14 h1:m0QTSI6pZYJTk5WSKx3fm5cNW/DCicVzULBgU/6IyD0=
github.com/aws/aws-sdk-go-v2/service/internal/accept-encoding v1.9.14/go.mod h1:dDilntgHy9WnHXsh7dDtUPgHKEfTJIBUTHM8OWm0f/0=
github.com/aws/aws-sdk-go-v2/service/internal/checksum v1.1.36 h1:eev2yZX7esGRjqRbnVk1UxMLw4CyVZDpZXRCcy75oQk=
github.com/aws/aws-sdk-go-v2/service/internal/checksum v1.1.36/go.mod h1:lGnOkH9NJATw0XEPcAknFBj3zzNTEGRHtSw+CwC1YTg=
github.com/aws/aws-sdk-go-v2/service/internal/endpoint-discovery v1.7.35 h1:UKjpIDLVF90RfV88XurdduMoTxPqtGHZMIDYZQM7RO4=
github.com/aws/aws-sdk-go-v2/service/internal/endpoint-discovery v1.7.35/go.mod h1:B3dUg0V6eJesUTi+m27NUkj7n8hdDKYUpxj8f4+TqaQ=
github.com/aws/aws-sdk-go-v2/service/internal/presigned-url v1.9.35 h1:CdzPW9kKitgIiLV1+MHobfR5Xg25iYnyzWZhyQuSlDI=
github.com/aws/aws-sdk-go-v2/service/internal/presigned-url v1.9.35/go.mod h1:QGF2Rs33W5MaN9gYdEQOBBFPLwTZkEhRwI33f7KIG0o=
github.com/aws/aws-sdk-go-v2/service/internal/s3shared v1.15.4 h1:v0jkRigbSD6uOdwcaUQmgEwG1BkPfAPDqaeNt/29ghg=
github.com/aws/aws-sdk-go-v2/service/internal/s3shared v1.15.4/go.mod h1:LhTyt8J04LL+9cIt7pYJ5lbS/U98ZmXovLOR/4LUsk8=
github.com/aws/aws-sdk-go-v2/service/s3 v1.38.5 h1:A42xdtStObqy7NGvzZKpnyNXvoOmm+FENobZ0/ssHWk=
github.com/aws/aws-sdk-go-v2/service/s3 v1.38.5/go.mod h1:rDGMZA7f4pbmTtPOk5v5UM2lmX6UAbRnMDJeDvnH7AM=
github.com/aws/aws-sdk-go-v2/service/sesv2 v1.20.0 h1:BVjuGDN2ek2gjSB46aIODXIYq3Aw/o0F/ZwBPP883GU=
github.com/aws/aws-sdk-go-v2/service/sesv2 v1.20.0/go.mod h1:qpAr/ear7teIUoBd1gaPbvavdICoo1XyAIHPVlyawQc=
github.com/aws/aws-sdk-go-v2/service/sqs v1.24.5 h1:RyDpTOMEJO6ycxw1vU/6s0KLFaH3M0z/z9gXHSndPTk=
github.com/aws/aws-sdk-go-v2/service/sqs v1.24.5/go.mod h1:RZBu4jmYz3Nikzpu/VuVvRnTEJ5a+kf36WT2fcl5Q+Q=
github.com/aws/aws-sdk-go-v2/service/sso v1.13.6 h1:2PylFCfKCEDv6PeSN09pC/VUiRd10wi1VfHG5FrW0/g=
github.com/aws/aws-sdk-go-v2/service/sso v1.13.6/go.mod h1:fIAwKQKBFu90pBxx07BFOMJLpRUGu8VOzLJakeY+0K4=
github.com/aws/aws-sdk-go-v2/service/ssooidc v1.15.5 h1:dnInJb4S0oy8aQuri1mV6ipLlnZPfnsDNB9BGO9PDNY=
github.com/aws/aws-sdk-go-v2/service/ssooidc v1.15.5/go.mod h1:yygr8ACQRY2PrEcy3xsUI357stq2AxnFM6DIsR9lij4=
github.com/aws/aws-sdk-go-v2/service/sts v1.21.5 h1:CQBFElb0LS8RojMJlxRSo/HXipvTZW2S44Lt9Mk2aYQ=
github.com/aws/aws-sdk-go-v2/service/sts v1.21.5/go.mod h1:VC7JDqsqiwXukYEDjoHh9U0fOJtNWh04FPQz4ct4GGU=
github.com/aws/smithy-go v1.14.2 h1:MJU9hqBGbvWZdApzpvoF2WAIJDbtjK2NDJSiJP7HblQ=
github.com/aws/smithy-go v1.14.2/go.mod h1:Tg+OJXh4MB2R/uN61Ko2f6hTZwB/ZYGOtib8J3gBHzA=
github.com/cention-sany/utf7 v0.0.0-20170124080048-26cad61bd60a h1:MISbI8sU/PSK/ztvmWKFcI7UGb5/HQT7B+i3a2myKgI=
github.com/cention-sany/utf7 v0.0.0-20170124080048-26cad61bd60a/go.mod h1:2GxOXOlEPAMFPfp014mK1SWq8G8BN8o7/dfYqJrVGn8=
github.com/davecgh/go-spew v1.1.0/go.mod h1:J7Y8YcW2NihsgmVo/mv3lAwl/skON4iLHjSsI+c5H38=
github.com/davecgh/go-spew v1.1.1 h1:vj9j/u1bqnvCEfJOwUhtlOARqs3+rkHYY13jYWTU97c=
github.com/davecgh/go-spew v1.1.1/go.mod h1:J7Y8YcW2NihsgmVo/mv3lAwl/skON4iLHjSsI+c5H38=
github.com/go-test/deep v1.0.7 h1:/VSMRlnY/JSyqxQUzQLKVMAskpY/NZKFA5j2P+0pP2M=
github.com/go-test/deep v1.0.7/go.mod h1:QV8Hv/iy04NyLBxAdO9njL0iVPN1S4d/A3NVv1V36o8=
github.com/gogs/chardet v0.0.0-20211120154057-b7413eaefb8f h1:3BSP1Tbs2djlpprl7wCLuiqMaUh5SJkkzI2gDs+FgLs=
github.com/gogs/chardet v0.0.0-20211120154057-b7413eaefb8f/go.mod h1:Pcatq5tYkCW2Q6yrR2VRHlbHpZ/R4/7qyL1TCF7vl14=
github.com/google/go-cmp v0.5.8 h1:e6P7q2lk1O+qJJb4BtCQXlK8vWEO8V1ZeuEdJNOqZyg=
github.com/google/go-cmp v0.5.8/go.mod h1:17dUlkBOakJ0+DkrSSNjCkIjxS6bF9zb3elmeNGIjoY=
github.com/google/uuid v1.3.1 h1:KjJaJ9iWZ3jOFZIf1Lqf4laDRCasjl0BCmnEGxkdLb4=
github.com/google/uuid v1.3.1/go.mod h1:TIyPZe4MgqvfeYDBFedMoGGpEw/LqOeaOT+nhxU+yHo=
github.com/jaytaylor/html2text v0.0.0-20230321000545-74c2419ad056 h1:iCHtR9CQyktQ5+f3dMVZfwD2KWJUgm7M0gdL9NGr8KA=
github.com/jaytaylor/html2text v0.0.0-20230321000545-74c2419ad056/go.mod h1:CVKlgaMiht+LXvHG173ujK6JUhZXKb2u/BQtjPDIvyk=
github.com/jhillyerd/enmime v1.0.0 h1:8swYgO1fm68PllCKz5jiLzgD3axNUS388jr6BtRSsl8=
github.com/jhillyerd/enmime v1.0.0/go.mod h1:EktNOa/V6ka9yCrfoB2uxgefp1lno6OVdszW0iQ5LnM=
github.com/jmespath/go-jmespath v0.4.0 h1:BEgLn5cpjn8UN1mAw4NjwDrS35OdebyEtFe+9YPoQUg=
github.com/jmespath/go-jmespath v0.4.0/go.mod h1:T8mJZnbsbmF+m6zOOFylbeCJqk5+pHWvzYPziyZiYoo=
github.com/jmespath/go-jmespath/internal/testify v1.5.1 h1:shLQSRRSCCPj3f2gpwzGwWFoC7ycTf1rcQZHOlsJ6N8=
github.com/jmespath/go-jmespath/internal/testify v1.5.1/go.mod h1:L3OGu8Wl2/fWfCI6z80xFu9LTZmf1ZRjMHUOPmWr69U=
github.com/mattn/go-runewidth v0.0.9/go.mod h1:H031xJmbD/WCDINGzjvQ9THkh0rPKHF+m2gUSrubnMI=
github.com/mattn/go-runewidth v0.0.15 h1:UNAjwbU9l54TA3KzvqLGxwWjHmMgBUVhBiTjelZgg3U=
github.com/mattn/go-runewidth v0.0.15/go.mod h1:Jdepj2loyihRzMpdS35Xk/zdY8IAYHsh153qUoGf23w=
github.com/olekukonko/tablewriter v0.0.5 h1:P2Ga83D34wi1o9J6Wh1mRuqd4mF/x/lgBS7N7AbDhec=
github.com/olekukonko/tablewriter v0.0.5/go.mod h1:hPp6KlRPjbx+hW8ykQs1w3UBbZlj6HuIJcUGPhkA7kY=
github.com/pkg/errors v0.9.1 h1:FEBLx1zS214owpjy7qsBeixbURkuhQAwrK5UwLGTwt4=
github.com/pkg/errors v0.9.1/go.mod h1:bwawxfHBFNV+L2hUp1rHADufV3IMtnDRdf1r5NINEl0=
github.com/pmezard/go-difflib v1.0.0 h1:4DBwDE0NGyQoBHbLQYPwSUPoCMWR5BEzIk/f1lZbAQM=
github.com/pmezard/go-difflib v1.0.0/go.mod h1:iKH77koFhYxTK1pcRnkKkqfTogsbg7gZNVY4sRDYZ/4=
github.com/rivo/uniseg v0.2.0/go.mod h1:J6wj4VEh+S6ZtnVlnTBMWIodfgj8LQOQFoIToxlJtxc=
github.com/rivo/uniseg v0.4.4 h1:8TfxU8dW6PdqD27gjM8MVNuicgxIjxpm4K7x4jp8sis=
github.com/rivo/uniseg v0.4.4/go.mod h1:FN3SvrM+Zdj16jyLfmOkMNblXMcoc8DfTHruCPUcx88=
github.com/ssor/bom v0.0.0-20170718123548-6386211fdfcf h1:pvbZ0lM0XWPBqUKqFU8cmavspvIl9nulOYwdy6IFRRo=
github.com/ssor/bom v0.0.0-20170718123548-6386211fdfcf/go.mod h1:RJID2RhlZKId02nZ62WenDCkgHFerpIOmW0iT7GKmXM=
github.com/stretchr/objx v0.1.0/go.mod h1:HFkY916IF+rwdDfMAkV7OtwuqBVzrE8GR6GFx+wExME=
github.com/stretchr/testify v1.8.4 h1:CcVxjf3Q8PM0mHUKJCdn+eZZtm5yQwehR5yeSVQQcUk=
github.com/stretchr/testify v1.8.4/go.mod h1:sz/lmYIOXD/1dqDmKjjqLyZ2RngseejIcXlSw2iwfAo=
golang.org/x/net v0.14.0 h1:BONx9s002vGdD9umnlX1Po8vOZmrgH34qlHcD1MfK14=
golang.org/x/net v0.14.0/go.mod h1:PpSgVXXLK0OxS0F31C1/tv6XNguvCrnXIDrFMspZIUI=
golang.org/x/text v0.12.0 h1:k+n5B8goJNdU7hSvEtMUz3d1Q6D/XW4COJSJR6fN0mc=
golang.org/x/text v0.12.0/go.mod h1:TvPlkZtksWOMsz7fbANvkp4WM8x/WCo/om8BMLbz+aE=
gopkg.in/check.v1 v0.0.0-20161208181325-20d25e280405 h1:yhCVgyC4o1eVCa2tZl7eS0r+SDo693bJlVdllGtEeKM=
gopkg.in/check.v1 v0.0.0-20161208181325-20d25e280405/go.mod h1:Co6ibVJAznAaIkqp8huTwlJQCZ016jof/cbN4VW5Yz0=
gopkg.in/yaml.v2 v2.2.8/go.mod h1:hI93XBmqTisBFMUTm0b8Fm+jr3Dg1NNxqwp+5A1VGuI=
gopkg.in/yaml.v2 v2.4.0 h1:D8xgwECY7CYvx+Y2n4sBz93Jn9JRvxdiyyo8CTfuKaY=
gopkg.in/yaml.v2 v2.4.0/go.mod h1:RDklbk79AGWmwhnvt/jBztapEOGDOx6ZbXqjP6csGnQ=
gopkg.in/yaml.v3 v3.0.1 h1:fxVm/GzAzEWqLHuvctI91KS9hhNmmWOoWu0XTYJS7CA=
gopkg.in/yaml.v3 v3.0.1/go.mod h1:K4uyk7z7BCEPqu6E+C64Yfv1cQ7kz7rIZviUmN+EgEM=
